
Microsoft Visual Studio Solution File, Format Version 12.00
# Visual Studio 15
VisualStudioVersion = 15.0.27004.2005
MinimumVisualStudioVersion = 10.0.40219.1
Project("{FAE04EC0-301F-11D3-BF4B-00C04F79EFBC}") = "ICloneableExample", "ICloneableExample\ICloneableExample.csproj", "{74D0C4E0-F3E7-4318-9BC2-D3A3EAD29D41}"
EndProject
Project("{FAE04EC0-301F-11D3-BF4B-00C04F79EFBC}") = "CustomInterface", "CustomInterface\CustomInterface.csproj", "{607ABC48-A988-4914-B808-58E374780B14}"
EndProject
Project("{FAE04EC0-301F-11D3-BF4B-00C04F79EFBC}") = "InterFaceNameClash", "InterFaceNameClash\InterFaceNameClash.csproj", "{3EF6CDD7-A49D-4801-847B-450553F1740D}"
EndProject
Project("{FAE04EC0-301F-11D3-BF4B-00C04F79EFBC}") = "InterfaceHierarchy", "InterfaceHierarchy\InterfaceHierarchy.csproj", "{3D2FA8BB-5265-4E75-BCD0-6310D8CEDB6F}"
EndProject
Project("{FAE04EC0-301F-11D3-BF4B-00C04F79EFBC}") = "MIInterfaceHierarchy", "MIInterfaceHierarchy\MIInterfaceHierarchy.csproj", "{1D653484-3678-4755-A382-A392CC4C2B51}"
EndProject
Global
	GlobalSection(SolutionConfigurationPlatforms) = preSolution
		Debug|Any CPU = Debug|Any CPU
		Release|Any CPU = Release|Any CPU
	EndGlobalSection
	GlobalSection(ProjectConfigurationPlatforms) = postSolution
		{74D0C4E0-F3E7-4318-9BC2-D3A3EAD29D41}.Debug|Any CPU.ActiveCfg = Debug|Any CPU
		{74D0C4E0-F3E7-4318-9BC2-D3A3EAD29D41}.Debug|Any CPU.Build.0 = Debug|Any CPU
		{74D0C4E0-F3E7-4318-9BC2-D3A3EAD29D41}.Release|Any CPU.ActiveCfg = Release|Any CPU
		{74D0C4E0-F3E7-4318-9BC2-D3A3EAD29D41}.Release|Any CPU.Build.0 = Release|Any CPU
		{607ABC48-A988-4914-B808-58E374780B14}.Debug|Any CPU.ActiveCfg = Debug|Any CPU
		{607ABC48-A988-4914-B808-58E374780B14}.Debug|Any CPU.Build.0 = Debug|Any CPU
		{607ABC48-A988-4914-B808-58E374780B14}.Release|Any CPU.ActiveCfg = Release|Any CPU
		{607ABC48-A988-4914-B808-58E374780B14}.Release|Any CPU.Build.0 = Release|Any CPU
		{3EF6CDD7-A49D-4801-847B-450553F1740D}.Debug|Any CPU.ActiveCfg = Debug|Any CPU
		{3EF6CDD7-A49D-4801-847B-450553F1740D}.Debug|Any CPU.Build.0 = Debug|Any CPU
		{3EF6CDD7-A49D-4801-847B-450553F1740D}.Release|Any CPU.ActiveCfg = Release|Any CPU
		{3EF6CDD7-A49D-4801-847B-450553F1740D}.Release|Any CPU.Build.0 = Release|Any CPU
		{3D2FA8BB-5265-4E75-BCD0-6310D8CEDB6F}.Debug|Any CPU.ActiveCfg = Debug|Any CPU
		{3D2FA8BB-5265-4E75-BCD0-6310D8CEDB6F}.Debug|Any CPU.Build.0 = Debug|Any CPU
		{3D2FA8BB-5265-4E75-BCD0-6310D8CEDB6F}.Release|Any CPU.ActiveCfg = Release|Any CPU
		{3D2FA8BB-5265-4E75-BCD0-6310D8CEDB6F}.Release|Any CPU.Build.0 = Release|Any CPU
		{1D653484-3678-4755-A382-A392CC4C2B51}.Debug|Any CPU.ActiveCfg = Debug|Any CPU
		{1D653484-3678-4755-A382-A392CC4C2B51}.Debug|Any CPU.Build.0 = Debug|Any CPU
		{1D653484-3678-4755-A382-A392CC4C2B51}.Release|Any CPU.ActiveCfg = Release|Any CPU
		{1D653484-3678-4755-A382-A392CC4C2B51}.Release|Any CPU.Build.0 = Release|Any CPU
	EndGlobalSection
	GlobalSection(SolutionProperties) = preSolution
		HideSolutionNode = FALSE
	EndGlobalSection
	GlobalSection(ExtensibilityGlobals) = postSolution
		SolutionGuid = {23FDF295-4145-47AB-B3D9-07858901889F}
	EndGlobalSection
EndGlobal
